<Solution>
  <Folder Name="/src/">
    <Project Path="TaskHub.Api/TaskHub.Api.csproj" />
    <Project Path="TaskHub.Application/TaskHub.Application.csproj" />
    <Project Path="TaskHub.Domain/TaskHub.Domain.csproj" />
    <Project Path="TaskHub.Infrastructure/TaskHub.Infrastructure.csproj" />
  </Folder>
</Solution>
